
Microsoft Visual Studio Solution File, Format Version 12.00
# Visual Studio Version 17
VisualStudioVersion = 17.5.33414.496
MinimumVisualStudioVersion = 10.0.40219.1
Project("{9A19103F-16F7-4668-BE54-9A1E7A4F7556}") = "Implementation", "Implementation\Implementation.csproj", "{6690FE6C-9326-4DC9-BD80-8A19EFB2CF05}"
EndProject
Project("{FAE04EC0-301F-11D3-BF4B-00C04F79EFBC}") = "Lexer", "Lexer\Lexer.csproj", "{B727F3B9-FF3F-4234-AC25-37D91DC70AC9}"
EndProject
Global
	GlobalSection(SolutionConfigurationPlatforms) = preSolution
		Debug|Any CPU = Debug|Any CPU
		Release|Any CPU = Release|Any CPU
	EndGlobalSection
	GlobalSection(ProjectConfigurationPlatforms) = postSolution
		{6690FE6C-9326-4DC9-BD80-8A19EFB2CF05}.Debug|Any CPU.ActiveCfg = Debug|Any CPU
		{6690FE6C-9326-4DC9-BD80-8A19EFB2CF05}.Debug|Any CPU.Build.0 = Debug|Any CPU
		{6690FE6C-9326-4DC9-BD80-8A19EFB2CF05}.Release|Any CPU.ActiveCfg = Release|Any CPU
		{6690FE6C-9326-4DC9-BD80-8A19EFB2CF05}.Release|Any CPU.Build.0 = Release|Any CPU
		{B727F3B9-FF3F-4234-AC25-37D91DC70AC9}.Debug|Any CPU.ActiveCfg = Debug|Any CPU
		{B727F3B9-FF3F-4234-AC25-37D91DC70AC9}.Debug|Any CPU.Build.0 = Debug|Any CPU
		{B727F3B9-FF3F-4234-AC25-37D91DC70AC9}.Release|Any CPU.ActiveCfg = Release|Any CPU
		{B727F3B9-FF3F-4234-AC25-37D91DC70AC9}.Release|Any CPU.Build.0 = Release|Any CPU
	EndGlobalSection
	GlobalSection(SolutionProperties) = preSolution
		HideSolutionNode = FALSE
	EndGlobalSection
EndGlobal
